
Microsoft Visual Studio Solution File, Format Version 12.00
# Visual Studio Version 17
VisualStudioVersion = 17.4.33213.308
MinimumVisualStudioVersion = 10.0.40219.1
Project("{FAE04EC0-301F-11D3-BF4B-00C04F79EFBC}") = "uovapp", "uovapp\uovapp.csproj", "{55DF0298-2806-4B0C-8E4A-E02C68EB5BDA}"
EndProject
Global
	GlobalSection(SolutionConfigurationPlatforms) = preSolution
		Debug|Any CPU = Debug|Any CPU
		Release|Any CPU = Release|Any CPU
	EndGlobalSection
	GlobalSection(ProjectConfigurationPlatforms) = postSolution
		{55DF0298-2806-4B0C-8E4A-E02C68EB5BDA}.Debug|Any CPU.ActiveCfg = Debug|Any CPU
		{55DF0298-2806-4B0C-8E4A-E02C68EB5BDA}.Debug|Any CPU.Build.0 = Debug|Any CPU
		{55DF0298-2806-4B0C-8E4A-E02C68EB5BDA}.Release|Any CPU.ActiveCfg = Release|Any CPU
		{55DF0298-2806-4B0C-8E4A-E02C68EB5BDA}.Release|Any CPU.Build.0 = Release|Any CPU
	EndGlobalSection
	GlobalSection(SolutionProperties) = preSolution
		HideSolutionNode = FALSE
	EndGlobalSection
	GlobalSection(ExtensibilityGlobals) = postSolution
		SolutionGuid = {D4D3143C-DAE4-482E-AF75-EC46E1E7E9E9}
	EndGlobalSection
EndGlobal
